
Microsoft Visual Studio Solution File, Format Version 12.00
# Visual Studio 15
VisualStudioVersion = 15.0.34112.143
MinimumVisualStudioVersion = 10.0.40219.1
Project("{FAE04EC0-301F-11D3-BF4B-00C04F79EFBC}") = "SBOAddOn_TSA", "SBOAddOn_TSA\SBOAddOn_TSA.csproj", "{F8B96A36-FE85-4EA9-8990-48B65DFF4ECA}"
	ProjectSection(ProjectDependencies) = postProject
		{1A76DF1D-47B0-4D9A-A7A1-7B856AE52A39} = {1A76DF1D-47B0-4D9A-A7A1-7B856AE52A39}
		{6BFAE720-0215-4914-9A9F-25C5A9CB4C7A} = {6BFAE720-0215-4914-9A9F-25C5A9CB4C7A}
		{0C8A453A-F003-404A-99A4-E2EFEEDDA311} = {0C8A453A-F003-404A-99A4-E2EFEEDDA311}
		{EDC3D381-4494-4F3F-A82F-CC9BABD222F6} = {EDC3D381-4494-4F3F-A82F-CC9BABD222F6}
		{F27537B3-0F69-4F56-A94D-B7AA5C0BBB51} = {F27537B3-0F69-4F56-A94D-B7AA5C0BBB51}
		{EF5C41C4-37B5-48ED-B98E-E84E1B1B6D9C} = {EF5C41C4-37B5-48ED-B98E-E84E1B1B6D9C}
	EndProjectSection
EndProject
Project("{FAE04EC0-301F-11D3-BF4B-00C04F79EFBC}") = "Copy_From", "Copy_Form\Copy_From.csproj", "{EF5C41C4-37B5-48ED-B98E-E84E1B1B6D9C}"
EndProject
Project("{FAE04EC0-301F-11D3-BF4B-00C04F79EFBC}") = "Data_Restriction", "Data_Restriction\Data_Restriction.csproj", "{EDC3D381-4494-4F3F-A82F-CC9BABD222F6}"
EndProject
Project("{FAE04EC0-301F-11D3-BF4B-00C04F79EFBC}") = "Document_Setting", "Document_Settings\Document_Setting.csproj", "{1A76DF1D-47B0-4D9A-A7A1-7B856AE52A39}"
EndProject
Project("{FAE04EC0-301F-11D3-BF4B-00C04F79EFBC}") = "Copy_To", "Copy_To\Copy_To.csproj", "{F27537B3-0F69-4F56-A94D-B7AA5C0BBB51}"
EndProject
Project("{FAE04EC0-301F-11D3-BF4B-00C04F79EFBC}") = "Add_ITR", "Add_ITR\Add_ITR.csproj", "{0C8A453A-F003-404A-99A4-E2EFEEDDA311}"
	ProjectSection(ProjectDependencies) = postProject
		{1A76DF1D-47B0-4D9A-A7A1-7B856AE52A39} = {1A76DF1D-47B0-4D9A-A7A1-7B856AE52A39}
		{6BFAE720-0215-4914-9A9F-25C5A9CB4C7A} = {6BFAE720-0215-4914-9A9F-25C5A9CB4C7A}
		{F27537B3-0F69-4F56-A94D-B7AA5C0BBB51} = {F27537B3-0F69-4F56-A94D-B7AA5C0BBB51}
		{EF5C41C4-37B5-48ED-B98E-E84E1B1B6D9C} = {EF5C41C4-37B5-48ED-B98E-E84E1B1B6D9C}
	EndProjectSection
EndProject
Project("{FAE04EC0-301F-11D3-BF4B-00C04F79EFBC}") = "UI_Settings", "UI_Settings\UI_Settings.csproj", "{6BFAE720-0215-4914-9A9F-25C5A9CB4C7A}"
EndProject
Project("{FAE04EC0-301F-11D3-BF4B-00C04F79EFBC}") = "Add_ITF", "Add_ITF\Add_ITF.csproj", "{CF9D2601-79F6-474A-B678-7298358479A3}"
EndProject
Project("{FAE04EC0-301F-11D3-BF4B-00C04F79EFBC}") = "ITR_Adjustment", "ITR_Adjustment\ITR_Adjustment.csproj", "{3F036F70-55C2-4B73-9A50-0F715A45FDCE}"
EndProject
Global
	GlobalSection(SolutionConfigurationPlatforms) = preSolution
		Debug|Any CPU = Debug|Any CPU
		Release|Any CPU = Release|Any CPU
	EndGlobalSection
	GlobalSection(ProjectConfigurationPlatforms) = postSolution
		{F8B96A36-FE85-4EA9-8990-48B65DFF4ECA}.Debug|Any CPU.ActiveCfg = Debug|Any CPU
		{F8B96A36-FE85-4EA9-8990-48B65DFF4ECA}.Debug|Any CPU.Build.0 = Debug|Any CPU
		{F8B96A36-FE85-4EA9-8990-48B65DFF4ECA}.Release|Any CPU.ActiveCfg = Debug|Any CPU
		{F8B96A36-FE85-4EA9-8990-48B65DFF4ECA}.Release|Any CPU.Build.0 = Debug|Any CPU
		{EF5C41C4-37B5-48ED-B98E-E84E1B1B6D9C}.Debug|Any CPU.ActiveCfg = Debug|Any CPU
		{EF5C41C4-37B5-48ED-B98E-E84E1B1B6D9C}.Debug|Any CPU.Build.0 = Debug|Any CPU
		{EF5C41C4-37B5-48ED-B98E-E84E1B1B6D9C}.Release|Any CPU.ActiveCfg = Debug|Any CPU
		{EF5C41C4-37B5-48ED-B98E-E84E1B1B6D9C}.Release|Any CPU.Build.0 = Debug|Any CPU
		{EDC3D381-4494-4F3F-A82F-CC9BABD222F6}.Debug|Any CPU.ActiveCfg = Debug|Any CPU
		{EDC3D381-4494-4F3F-A82F-CC9BABD222F6}.Debug|Any CPU.Build.0 = Debug|Any CPU
		{EDC3D381-4494-4F3F-A82F-CC9BABD222F6}.Release|Any CPU.ActiveCfg = Debug|Any CPU
		{EDC3D381-4494-4F3F-A82F-CC9BABD222F6}.Release|Any CPU.Build.0 = Debug|Any CPU
		{1A76DF1D-47B0-4D9A-A7A1-7B856AE52A39}.Debug|Any CPU.ActiveCfg = Debug|Any CPU
		{1A76DF1D-47B0-4D9A-A7A1-7B856AE52A39}.Debug|Any CPU.Build.0 = Debug|Any CPU
		{1A76DF1D-47B0-4D9A-A7A1-7B856AE52A39}.Release|Any CPU.ActiveCfg = Debug|Any CPU
		{1A76DF1D-47B0-4D9A-A7A1-7B856AE52A39}.Release|Any CPU.Build.0 = Debug|Any CPU
		{F27537B3-0F69-4F56-A94D-B7AA5C0BBB51}.Debug|Any CPU.ActiveCfg = Debug|Any CPU
		{F27537B3-0F69-4F56-A94D-B7AA5C0BBB51}.Debug|Any CPU.Build.0 = Debug|Any CPU
		{F27537B3-0F69-4F56-A94D-B7AA5C0BBB51}.Release|Any CPU.ActiveCfg = Release|Any CPU
		{F27537B3-0F69-4F56-A94D-B7AA5C0BBB51}.Release|Any CPU.Build.0 = Release|Any CPU
		{0C8A453A-F003-404A-99A4-E2EFEEDDA311}.Debug|Any CPU.ActiveCfg = Debug|Any CPU
		{0C8A453A-F003-404A-99A4-E2EFEEDDA311}.Debug|Any CPU.Build.0 = Debug|Any CPU
		{0C8A453A-F003-404A-99A4-E2EFEEDDA311}.Release|Any CPU.ActiveCfg = Release|Any CPU
		{0C8A453A-F003-404A-99A4-E2EFEEDDA311}.Release|Any CPU.Build.0 = Release|Any CPU
		{6BFAE720-0215-4914-9A9F-25C5A9CB4C7A}.Debug|Any CPU.ActiveCfg = Debug|Any CPU
		{6BFAE720-0215-4914-9A9F-25C5A9CB4C7A}.Debug|Any CPU.Build.0 = Debug|Any CPU
		{6BFAE720-0215-4914-9A9F-25C5A9CB4C7A}.Release|Any CPU.ActiveCfg = Release|Any CPU
		{6BFAE720-0215-4914-9A9F-25C5A9CB4C7A}.Release|Any CPU.Build.0 = Release|Any CPU
		{CF9D2601-79F6-474A-B678-7298358479A3}.Debug|Any CPU.ActiveCfg = Debug|Any CPU
		{CF9D2601-79F6-474A-B678-7298358479A3}.Debug|Any CPU.Build.0 = Debug|Any CPU
		{CF9D2601-79F6-474A-B678-7298358479A3}.Release|Any CPU.ActiveCfg = Release|Any CPU
		{CF9D2601-79F6-474A-B678-7298358479A3}.Release|Any CPU.Build.0 = Release|Any CPU
		{3F036F70-55C2-4B73-9A50-0F715A45FDCE}.Debug|Any CPU.ActiveCfg = Debug|Any CPU
		{3F036F70-55C2-4B73-9A50-0F715A45FDCE}.Debug|Any CPU.Build.0 = Debug|Any CPU
		{3F036F70-55C2-4B73-9A50-0F715A45FDCE}.Release|Any CPU.ActiveCfg = Release|Any CPU
		{3F036F70-55C2-4B73-9A50-0F715A45FDCE}.Release|Any CPU.Build.0 = Release|Any CPU
	EndGlobalSection
	GlobalSection(SolutionProperties) = preSolution
		HideSolutionNode = FALSE
	EndGlobalSection
	GlobalSection(ExtensibilityGlobals) = postSolution
		SolutionGuid = {9BC5A09E-32CD-4471-A655-DB0ACD6A7815}
	EndGlobalSection
EndGlobal
